// !$*UTF8*$!
{
	archiveVersion = 1;
	classes = {
	};
	objectVersion = 48;
	objects = {

/* Begin PBXBuildFile section */
		AF2C0417204F560400EA6AE5 /* AppDelegate.swift in Sources */ = {isa = PBXBuildFile; fileRef = AF2C0416204F560400EA6AE5 /* AppDelegate.swift */; };
		AF2C0419204F560400EA6AE5 /* ViewController.swift in Sources */ = {isa = PBXBuildFile; fileRef = AF2C0418204F560400EA6AE5 /* ViewController.swift */; };
		AF2C041C204F560400EA6AE5 /* Main.storyboard in Resources */ = {isa = PBXBuildFile; fileRef = AF2C041A204F560400EA6AE5 /* Main.storyboard */; };
		AF2C041E204F560400EA6AE5 /* Assets.xcassets in Resources */ = {isa = PBXBuildFile; fileRef = AF2C041D204F560400EA6AE5 /* Assets.xcassets */; };
		AF2C0421204F560400EA6AE5 /* LaunchScreen.storyboard in Resources */ = {isa = PBXBuildFile; fileRef = AF2C041F204F560400EA6AE5 /* LaunchScreen.storyboard */; };
		AF2C042C204F560400EA6AE5 /* FirstDemoTDDTests.swift in Sources */ = {isa = PBXBuildFile; fileRef = AF2C042B204F560400EA6AE5 /* FirstDemoTDDTests.swift */; };
/* End PBXBuildFile section */

/* Begin PBXContainerItemProxy section */
		AF2C0428204F560400EA6AE5 /* PBXContainerItemProxy */ = {
			isa = PBXContainerItemProxy;
			containerPortal = AF2C040B204F560400EA6AE5 /* Project object */;
			proxyType = 1;
			remoteGlobalIDString = AF2C0412204F560400EA6AE5;
			remoteInfo = FirstDemoTDD;
		};
/* End PBXContainerItemProxy section */

/* Begin PBXFileReference section */
		AF2C0413204F560400EA6AE5 /* FirstDemoTDD.app */ = {isa = PBXFileReference; explicitFileType = wrapper.application; includeInIndex = 0; path = FirstDemoTDD.app; sourceTree = BUILT_PRODUCTS_DIR; };
		AF2C0416204F560400EA6AE5 /* AppDelegate.swift */ = {isa = PBXFileReference; lastKnownFileType = sourcecode.swift; path = AppDelegate.swift; sourceTree = "<group>"; };
		AF2C0418204F560400EA6AE5 /* ViewController.swift */ = {isa = PBXFileReference; lastKnownFileType = sourcecode.swift; path = ViewController.swift; sourceTree = "<group>"; };
		AF2C041B204F560400EA6AE5 /* Base */ = {isa = PBXFileReference; lastKnownFileType = file.storyboard; name = Base; path = Base.lproj/Main.storyboard; sourceTree = "<group>"; };
		AF2C041D204F560400EA6AE5 /* Assets.xcassets */ = {isa = PBXFileReference; lastKnownFileType = folder.assetcatalog; path = Assets.xcassets; sourceTree = "<group>"; };
		AF2C0420204F560400EA6AE5 /* Base */ = {isa = PBXFileReference; lastKnownFileType = file.storyboard; name = Base; path = Base.lproj/LaunchScreen.storyboard; sourceTree = "<group>"; };
		AF2C0422204F560400EA6AE5 /* Info.plist */ = {isa = PBXFileReference; lastKnownFileType = text.plist.xml; path = Info.plist; sourceTree = "<group>"; };
		AF2C0427204F560400EA6AE5 /* FirstDemoTDDTests.xctest */ = {isa = PBXFileReference; explicitFileType = wrapper.cfbundle; includeInIndex = 0; path = FirstDemoTDDTests.xctest; sourceTree = BUILT_PRODUCTS_DIR; };
		AF2C042B204F560400EA6AE5 /* FirstDemoTDDTests.swift */ = {isa = PBXFileReference; lastKnownFileType = sourcecode.swift; path = FirstDemoTDDTests.swift; sourceTree = "<group>"; };
		AF2C042D204F560400EA6AE5 /* Info.plist */ = {isa = PBXFileReference; lastKnownFileType = text.plist.xml; path = Info.plist; sourceTree = "<group>"; };
/* End PBXFileReference section */

/* Begin PBXFrameworksBuildPhase section */
		AF2C0410204F560400EA6AE5 /* Frameworks */ = {
			isa = PBXFrameworksBuildPhase;
			buildActionMask = 2147483647;
			files = (
			);
			runOnlyForDeploymentPostprocessing = 0;
		};
		AF2C0424204F560400EA6AE5 /* Frameworks */ = {
			isa = PBXFrameworksBuildPhase;
			buildActionMask = 2147483647;
			files = (
			);
			runOnlyForDeploymentPostprocessing = 0;
		};
/* End PBXFrameworksBuildPhase section */

/* Begin PBXGroup section */
		AF2C040A204F560400EA6AE5 = {
			isa = PBXGroup;
			children = (
				AF2C0415204F560400EA6AE5 /* FirstDemoTDD */,
				AF2C042A204F560400EA6AE5 /* FirstDemoTDDTests */,
				AF2C0414204F560400EA6AE5 /* Products */,
			);
			sourceTree = "<group>";
		};
		AF2C0414204F560400EA6AE5 /* Products */ = {
			isa = PBXGroup;
			children = (
				AF2C0413204F560400EA6AE5 /* FirstDemoTDD.app */,
				AF2C0427204F560400EA6AE5 /* FirstDemoTDDTests.xctest */,
			);
			name = Products;
			sourceTree = "<group>";
		};
		AF2C0415204F560400EA6AE5 /* FirstDemoTDD */ = {
			isa = PBXGroup;
			children = (
				AF2C0416204F560400EA6AE5 /* AppDelegate.swift */,
				AF2C0418204F560400EA6AE5 /* ViewController.swift */,
				AF2C041A204F560400EA6AE5 /* Main.storyboard */,
				AF2C041D204F560400EA6AE5 /* Assets.xcassets */,
				AF2C041F204F560400EA6AE5 /* LaunchScreen.storyboard */,
				AF2C0422204F560400EA6AE5 /* Info.plist */,
			);
			path = FirstDemoTDD;
			sourceTree = "<group>";
		};
		AF2C042A204F560400EA6AE5 /* FirstDemoTDDTests */ = {
			isa = PBXGroup;
			children = (
				AF2C042B204F560400EA6AE5 /* FirstDemoTDDTests.swift */,
				AF2C042D204F560400EA6AE5 /* Info.plist */,
			);
			path = FirstDemoTDDTests;
			sourceTree = "<group>";
		};
/* End PBXGroup section */

/* Begin PBXNativeTarget section */
		AF2C0412204F560400EA6AE5 /* FirstDemoTDD */ = {
			isa = PBXNativeTarget;
			buildConfigurationList = AF2C0430204F560400EA6AE5 /* Build configuration list for PBXNativeTarget "FirstDemoTDD" */;
			buildPhases = (
				AF2C040F204F560400EA6AE5 /* Sources */,
				AF2C0410204F560400EA6AE5 /* Frameworks */,
				AF2C0411204F560400EA6AE5 /* Resources */,
			);
			buildRules = (
			);
			dependencies = (
			);
			name = FirstDemoTDD;
			productName = FirstDemoTDD;
			productReference = AF2C0413204F560400EA6AE5 /* FirstDemoTDD.app */;
			productType = "com.apple.product-type.application";
		};
		AF2C0426204F560400EA6AE5 /* FirstDemoTDDTests */ = {
			isa = PBXNativeTarget;
			buildConfigurationList = AF2C0433204F560400EA6AE5 /* Build configuration list for PBXNativeTarget "FirstDemoTDDTests" */;
			buildPhases = (
				AF2C0423204F560400EA6AE5 /* Sources */,
				AF2C0424204F560400EA6AE5 /* Frameworks */,
				AF2C0425204F560400EA6AE5 /* Resources */,
			);
			buildRules = (
			);
			dependencies = (
				AF2C0429204F560400EA6AE5 /* PBXTargetDependency */,
			);
			name = FirstDemoTDDTests;
			productName = FirstDemoTDDTests;
			productReference = AF2C0427204F560400EA6AE5 /* FirstDemoTDDTests.xctest */;
			productType = "com.apple.product-type.bundle.unit-test";
		};
/* End PBXNativeTarget section */

/* Begin PBXProject section */
		AF2C040B204F560400EA6AE5 /* Project object */ = {
			isa = PBXProject;
			attributes = {
				LastSwiftUpdateCheck = 0920;
				LastUpgradeCheck = 0920;
				ORGANIZATIONNAME = iGarcia;
				TargetAttributes = {
					AF2C0412204F560400EA6AE5 = {
						CreatedOnToolsVersion = 9.2;
						ProvisioningStyle = Automatic;
					};
					AF2C0426204F560400EA6AE5 = {
						CreatedOnToolsVersion = 9.2;
						ProvisioningStyle = Automatic;
						TestTargetID = AF2C0412204F560400EA6AE5;
					};
				};
			};
			buildConfigurationList = AF2C040E204F560400EA6AE5 /* Build configuration list for PBXProject "FirstDemoTDD" */;
			compatibilityVersion = "Xcode 8.0";
			developmentRegion = en;
			hasScannedForEncodings = 0;
			knownRegions = (
				en,
				Base,
			);
			mainGroup = AF2C040A204F560400EA6AE5;
			productRefGroup = AF2C0414204F560400EA6AE5 /* Products */;
			projectDirPath = "";
			projectRoot = "";
			targets = (
				AF2C0412204F560400EA6AE5 /* FirstDemoTDD */,
				AF2C0426204F560400EA6AE5 /* FirstDemoTDDTests */,
			);
		};
/* End PBXProject section */

/* Begin PBXResourcesBuildPhase section */
		AF2C0411204F560400EA6AE5 /* Resources */ = {
			isa = PBXResourcesBuildPhase;
			buildActionMask = 2147483647;
			files = (
				AF2C0421204F560400EA6AE5 /* LaunchScreen.storyboard in Resources */,
				AF2C041E204F560400EA6AE5 /* Assets.xcassets in Resources */,
				AF2C041C204F560400EA6AE5 /* Main.storyboard in Resources */,
			);
			runOnlyForDeploymentPostprocessing = 0;
		};
		AF2C0425204F560400EA6AE5 /* Resources */ = {
			isa = PBXResourcesBuildPhase;
			buildActionMask = 2147483647;
			files = (
			);
			runOnlyForDeploymentPostprocessing = 0;
		};
/* End PBXResourcesBuildPhase section */

/* Begin PBXSourcesBuildPhase section */
		AF2C040F204F560400EA6AE5 /* Sources */ = {
			isa = PBXSourcesBuildPhase;
			buildActionMask = 2147483647;
			files = (
				AF2C0419204F560400EA6AE5 /* ViewController.swift in Sources */,
				AF2C0417204F560400EA6AE5 /* AppDelegate.swift in Sources */,
			);
			runOnlyForDeploymentPostprocessing = 0;
		};
		AF2C0423204F560400EA6AE5 /* Sources */ = {
			isa = PBXSourcesBuildPhase;
			buildActionMask = 2147483647;
			files = (
				AF2C042C204F560400EA6AE5 /* FirstDemoTDDTests.swift in Sources */,
			);
			runOnlyForDeploymentPostprocessing = 0;
		};
/* End PBXSourcesBuildPhase section */

/* Begin PBXTargetDependency section */
		AF2C0429204F560400EA6AE5 /* PBXTargetDependency */ = {
			isa = PBXTargetDependency;
			target = AF2C0412204F560400EA6AE5 /* FirstDemoTDD */;
			targetProxy = AF2C0428204F560400EA6AE5 /* PBXContainerItemProxy */;
		};
/* End PBXTargetDependency section */

/* Begin PBXVariantGroup section */
		AF2C041A204F560400EA6AE5 /* Main.storyboard */ = {
			isa = PBXVariantGroup;
			children = (
				AF2C041B204F560400EA6AE5 /* Base */,
			);
			name = Main.storyboard;
			sourceTree = "<group>";
		};
		AF2C041F204F560400EA6AE5 /* LaunchScreen.storyboard */ = {
			isa = PBXVariantGroup;
			children = (
				AF2C0420204F560400EA6AE5 /* Base */,
			);
			name = LaunchScreen.storyboard;
			sourceTree = "<group>";
		};
/* End PBXVariantGroup section */

/* Begin XCBuildConfiguration section */
		AF2C042E204F560400EA6AE5 /* Debug */ = {
			isa = XCBuildConfiguration;
			buildSettings = {
				ALWAYS_SEARCH_USER_PATHS = NO;
				CLANG_ANALYZER_NONNULL = YES;
				CLANG_ANALYZER_NUMBER_OBJECT_CONVERSION = YES_AGGRESSIVE;
				CLANG_CXX_LANGUAGE_STANDARD = "gnu++14";
				CLANG_CXX_LIBRARY = "libc++";
				CLANG_ENABLE_MODULES = YES;
				CLANG_ENABLE_OBJC_ARC = YES;
				CLANG_WARN_BLOCK_CAPTURE_AUTORELEASING = YES;
				CLANG_WARN_BOOL_CONVERSION = YES;
				CLANG_WARN_COMMA = YES;
				CLANG_WARN_CONSTANT_CONVERSION = YES;
				CLANG_WARN_DIRECT_OBJC_ISA_USAGE = YES_ERROR;
				CLANG_WARN_DOCUMENTATION_COMMENTS = YES;
				CLANG_WARN_EMPTY_BODY = YES;
				CLANG_WARN_ENUM_CONVERSION = YES;
				CLANG_WARN_INFINITE_RECURSION = YES;
				CLANG_WARN_INT_CONVERSION = YES;
				CLANG_WARN_NON_LITERAL_NULL_CONVERSION = YES;
				CLANG_WARN_OBJC_LITERAL_CONVERSION = YES;
				CLANG_WARN_OBJC_ROOT_CLASS = YES_ERROR;
				CLANG_WARN_RANGE_LOOP_ANALYSIS = YES;
				CLANG_WARN_STRICT_PROTOTYPES = YES;
				CLANG_WARN_SUSPICIOUS_MOVE = YES;
				CLANG_WARN_UNGUARDED_AVAILABILITY = YES_AGGRESSIVE;
				CLANG_WARN_UNREACHABLE_CODE = YES;
				CLANG_WARN__DUPLICATE_METHOD_MATCH = YES;
				CODE_SIGN_IDENTITY = "iPhone Developer";
				COPY_PHASE_STRIP = NO;
				DEBUG_INFORMATION_FORMAT = dwarf;
				ENABLE_STRICT_OBJC_MSGSEND = YES;
				ENABLE_TESTABILITY = YES;
				GCC_C_LANGUAGE_STANDARD = gnu11;
				GCC_DYNAMIC_NO_PIC = NO;
				GCC_NO_COMMON_BLOCKS = YES;
				GCC_OPTIMIZATION_LEVEL = 0;
				GCC_PREPROCESSOR_DEFINITIONS = (
					"DEBUG=1",
					"$(inherited)",
				);
				GCC_WARN_64_TO_32_BIT_CONVERSION = YES;
				GCC_WARN_ABOUT_RETURN_TYPE = YES_ERROR;
				GCC_WARN_UNDECLARED_SELECTOR = YES;
				GCC_WARN_UNINITIALIZED_AUTOS = YES_AGGRESSIVE;
				GCC_WARN_UNUSED_FUNCTION = YES;
				GCC_WARN_UNUSED_VARIABLE = YES;
				IPHONEOS_DEPLOYMENT_TARGET = 11.2;
				MTL_ENABLE_DEBUG_INFO = YES;
				ONLY_ACTIVE_ARCH = YES;
				SDKROOT = iphoneos;
				SWIFT_ACTIVE_COMPILATION_CONDITIONS = DEBUG;
				SWIFT_OPTIMIZATION_LEVEL = "-Onone";
			};
			name = Debug;
		};
		AF2C042F204F560400EA6AE5 /* Release */ = {
			isa = XCBuildConfiguration;
			buildSettings = {
				ALWAYS_SEARCH_USER_PATHS = NO;
				CLANG_ANALYZER_NONNULL = YES;
				CLANG_ANALYZER_NUMBER_OBJECT_CONVERSION = YES_AGGRESSIVE;
				CLANG_CXX_LANGUAGE_STANDARD = "gnu++14";
				CLANG_CXX_LIBRARY = "libc++";
				CLANG_ENABLE_MODULES = YES;
				CLANG_ENABLE_OBJC_ARC = YES;
				CLANG_WARN_BLOCK_CAPTURE_AUTORELEASING = YES;
				CLANG_WARN_BOOL_CONVERSION = YES;
				CLANG_WARN_COMMA = YES;
				CLANG_WARN_CONSTANT_CONVERSION = YES;
				CLANG_WARN_DIRECT_OBJC_ISA_USAGE = YES_ERROR;
				CLANG_WARN_DOCUMENTATION_COMMENTS = YES;
				CLANG_WARN_EMPTY_BODY = YES;
				CLANG_WARN_ENUM_CONVERSION = YES;
				CLANG_WARN_INFINITE_RECURSION = YES;
				CLANG_WARN_INT_CONVERSION = YES;
				CLANG_WARN_NON_LITERAL_NULL_CONVERSION = YES;
				CLANG_WARN_OBJC_LITERAL_CONVERSION = YES;
				CLANG_WARN_OBJC_ROOT_CLASS = YES_ERROR;
				CLANG_WARN_RANGE_LOOP_ANALYSIS = YES;
				CLANG_WARN_STRICT_PROTOTYPES = YES;
				CLANG_WARN_SUSPICIOUS_MOVE = YES;
				CLANG_WARN_UNGUARDED_AVAILABILITY = YES_AGGRESSIVE;
				CLANG_WARN_UNREACHABLE_CODE = YES;
				CLANG_WARN__DUPLICATE_METHOD_MATCH = YES;
				CODE_SIGN_IDENTITY = "iPhone Developer";
				COPY_PHASE_STRIP = NO;
				DEBUG_INFORMATION_FORMAT = "dwarf-with-dsym";
				ENABLE_NS_ASSERTIONS = NO;
				ENABLE_STRICT_OBJC_MSGSEND = YES;
				GCC_C_LANGUAGE_STANDARD = gnu11;
				GCC_NO_COMMON_BLOCKS = YES;
				GCC_WARN_64_TO_32_BIT_CONVERSION = YES;
				GCC_WARN_ABOUT_RETURN_TYPE = YES_ERROR;
				GCC_WARN_UNDECLARED_SELECTOR = YES;
				GCC_WARN_UNINITIALIZED_AUTOS = YES_AGGRESSIVE;
				GCC_WARN_UNUSED_FUNCTION = YES;
				GCC_WARN_UNUSED_VARIABLE = YES;
				IPHONEOS_DEPLOYMENT_TARGET = 11.2;
				MTL_ENABLE_DEBUG_INFO = NO;
				SDKROOT = iphoneos;
				SWIFT_OPTIMIZATION_LEVEL = "-Owholemodule";
				VALIDATE_PRODUCT = YES;
			};
			name = Release;
		};
		AF2C0431204F560400EA6AE5 /* Debug */ = {
			isa = XCBuildConfiguration;
			buildSettings = {
				ASSETCATALOG_COMPILER_APPICON_NAME = AppIcon;
				CODE_SIGN_STYLE = Automatic;
				DEVELOPMENT_TEAM = XWJGD28CZ6;
				INFOPLIST_FILE = FirstDemoTDD/Info.plist;
				LD_RUNPATH_SEARCH_PATHS = "$(inherited) @executable_path/Frameworks";
				PRODUCT_BUNDLE_IDENTIFIER = com.iGarcia.FirstDemoTDD;
				PRODUCT_NAME = "$(TARGET_NAME)";
				SWIFT_VERSION = 4.0;
				TARGETED_DEVICE_FAMILY = "1,2";
			};
			name = Debug;
		};
		AF2C0432204F560400EA6AE5 /* Release */ = {
			isa = XCBuildConfiguration;
			buildSettings = {
				ASSETCATALOG_COMPILER_APPICON_NAME = AppIcon;
				CODE_SIGN_STYLE = Automatic;
				DEVELOPMENT_TEAM = XWJGD28CZ6;
				INFOPLIST_FILE = FirstDemoTDD/Info.plist;
				LD_RUNPATH_SEARCH_PATHS = "$(inherited) @executable_path/Frameworks";
				PRODUCT_BUNDLE_IDENTIFIER = com.iGarcia.FirstDemoTDD;
				PRODUCT_NAME = "$(TARGET_NAME)";
				SWIFT_VERSION = 4.0;
				TARGETED_DEVICE_FAMILY = "1,2";
			};
			name = Release;
		};
		AF2C0434204F560400EA6AE5 /* Debug */ = {
			isa = XCBuildConfiguration;
			buildSettings = {
				ALWAYS_EMBED_SWIFT_STANDARD_LIBRARIES = YES;
				BUNDLE_LOADER = "$(TEST_HOST)";
				CODE_SIGN_STYLE = Automatic;
				DEVELOPMENT_TEAM = XWJGD28CZ6;
				INFOPLIST_FILE = FirstDemoTDDTests/Info.plist;
				LD_RUNPATH_SEARCH_PATHS = "$(inherited) @executable_path/Frameworks @loader_path/Frameworks";
				PRODUCT_BUNDLE_IDENTIFIER = com.iGarcia.FirstDemoTDDTests;
				PRODUCT_NAME = "$(TARGET_NAME)";
				SWIFT_VERSION = 4.0;
				TARGETED_DEVICE_FAMILY = "1,2";
				TEST_HOST = "$(BUILT_PRODUCTS_DIR)/FirstDemoTDD.app/FirstDemoTDD";
			};
			name = Debug;
		};
		AF2C0435204F560400EA6AE5 /* Release */ = {
			isa = XCBuildConfiguration;
			buildSettings = {
				ALWAYS_EMBED_SWIFT_STANDARD_LIBRARIES = YES;
				BUNDLE_LOADER = "$(TEST_HOST)";
				CODE_SIGN_STYLE = Automatic;
				DEVELOPMENT_TEAM = XWJGD28CZ6;
				INFOPLIST_FILE = FirstDemoTDDTests/Info.plist;
				LD_RUNPATH_SEARCH_PATHS = "$(inherited) @executable_path/Frameworks @loader_path/Frameworks";
				PRODUCT_BUNDLE_IDENTIFIER = com.iGarcia.FirstDemoTDDTests;
				PRODUCT_NAME = "$(TARGET_NAME)";
				SWIFT_VERSION = 4.0;
				TARGETED_DEVICE_FAMILY = "1,2";
				TEST_HOST = "$(BUILT_PRODUCTS_DIR)/FirstDemoTDD.app/FirstDemoTDD";
			};
			name = Release;
		};
/* End XCBuildConfiguration section */

/* Begin XCConfigurationList section */
		AF2C040E204F560400EA6AE5 /* Build configuration list for PBXProject "FirstDemoTDD" */ = {
			isa = XCConfigurationList;
			buildConfigurations = (
				AF2C042E204F560400EA6AE5 /* Debug */,
				AF2C042F204F560400EA6AE5 /* Release */,
			);
			defaultConfigurationIsVisible = 0;
			defaultConfigurationName = Release;
		};
		AF2C0430204F560400EA6AE5 /* Build configuration list for PBXNativeTarget "FirstDemoTDD" */ = {
			isa = XCConfigurationList;
			buildConfigurations = (
				AF2C0431204F560400EA6AE5 /* Debug */,
				AF2C0432204F560400EA6AE5 /* Release */,
			);
			defaultConfigurationIsVisible = 0;
			defaultConfigurationName = Release;
		};
		AF2C0433204F560400EA6AE5 /* Build configuration list for PBXNativeTarget "FirstDemoTDDTests" */ = {
			isa = XCConfigurationList;
			buildConfigurations = (
				AF2C0434204F560400EA6AE5 /* Debug */,
				AF2C0435204F560400EA6AE5 /* Release */,
			);
			defaultConfigurationIsVisible = 0;
			defaultConfigurationName = Release;
		};
/* End XCConfigurationList section */
	};
	rootObject = AF2C040B204F560400EA6AE5 /* Project object */;
}
